
Microsoft Visual Studio Solution File, Format Version 12.00
# Visual Studio Version 16
VisualStudioVersion = 16.0.32228.343
MinimumVisualStudioVersion = 10.0.40219.1
Project("{E24C65DC-7377-472B-9ABA-BC803B73C61A}") = "techreviews(1)", ".", "{A9A8DA29-A5A8-4F0B-B066-5471F034E316}"
	ProjectSection(WebsiteProperties) = preProject
		TargetFrameworkMoniker = ".NETFramework,Version%3Dv4.0"
		Debug.AspNetCompiler.VirtualPath = "/localhost_61245"
		Debug.AspNetCompiler.PhysicalPath = "..\techreviews\"
		Debug.AspNetCompiler.TargetPath = "PrecompiledWeb\localhost_61245\"
		Debug.AspNetCompiler.Updateable = "true"
		Debug.AspNetCompiler.ForceOverwrite = "true"
		Debug.AspNetCompiler.FixedNames = "false"
		Debug.AspNetCompiler.Debug = "True"
		Release.AspNetCompiler.VirtualPath = "/localhost_61245"
		Release.AspNetCompiler.PhysicalPath = "..\techreviews\"
		Release.AspNetCompiler.TargetPath = "PrecompiledWeb\localhost_61245\"
		Release.AspNetCompiler.Updateable = "true"
		Release.AspNetCompiler.ForceOverwrite = "true"
		Release.AspNetCompiler.FixedNames = "false"
		Release.AspNetCompiler.Debug = "False"
		VWDPort = "61245"
	EndProjectSection
EndProject
Global
	GlobalSection(SolutionConfigurationPlatforms) = preSolution
		Debug|Any CPU = Debug|Any CPU
	EndGlobalSection
	GlobalSection(ProjectConfigurationPlatforms) = postSolution
		{A9A8DA29-A5A8-4F0B-B066-5471F034E316}.Debug|Any CPU.ActiveCfg = Debug|Any CPU
		{A9A8DA29-A5A8-4F0B-B066-5471F034E316}.Debug|Any CPU.Build.0 = Debug|Any CPU
	EndGlobalSection
	GlobalSection(SolutionProperties) = preSolution
		HideSolutionNode = FALSE
	EndGlobalSection
	GlobalSection(ExtensibilityGlobals) = postSolution
		SolutionGuid = {27EF3E21-F222-4AAC-9E86-191BE35B4CAC}
	EndGlobalSection
EndGlobal
